PODS:
  - QKeyboardEmotionView (1.0.0)

DEPENDENCIES:
  - QKeyboardEmotionView (from `../`)

EXTERNAL SOURCES:
  QKeyboardEmotionView:
    :path: "../"

SPEC CHECKSUMS:
  QKeyboardEmotionView: cb8974dc6808edacc75e0d3b21ad9eae0274a4c6

PODFILE CHECKSUM: 13dff63cfe41bddaa376f87a925f7b904426baa2

COCOAPODS: 1.10.0
