// !$*UTF8*$!
{
	archiveVersion = 1;
	classes = {
	};
	objectVersion = 46;
	objects = {

/* Begin PBXBuildFile section */
		043AEB4D2C56435E00BB556E /* InputBarReplyView.m in Sources */ = {isa = PBXBuildFile; fileRef = 043AEB4C2C56435E00BB556E /* InputBarReplyView.m */; };
		04E9F6752C4BD0D600D361F6 /* ChatSendButtonViewController.m in Sources */ = {isa = PBXBuildFile; fileRef = 04E9F6732C4BD0D600D361F6 /* ChatSendButtonViewController.m */; };
		12582FCBFDCB8A3368069439 /* Pods_QKeyboardEmotionView_Tests.framework in Frameworks */ = {isa = PBXBuildFile; fileRef = D8B567FD8AC65B27AA125BF0 /* Pods_QKeyboardEmotionView_Tests.framework */; };
		360648FC26D3DD680029470C /* RootViewController.m in Sources */ = {isa = PBXBuildFile; fileRef = 360648F626D3DD680029470C /* RootViewController.m */; };
		360648FF26D3DD680029470C /* QHolderTextView.m in Sources */ = {isa = PBXBuildFile; fileRef = 360648FB26D3DD680029470C /* QHolderTextView.m */; };
		3606496826D3F56F0029470C /* CommonViewController.m in Sources */ = {isa = PBXBuildFile; fileRef = 3606494F26D3F56F0029470C /* CommonViewController.m */; };
		3606496926D3F56F0029470C /* CommonCustomViewController.m in Sources */ = {isa = PBXBuildFile; fileRef = 3606495226D3F56F0029470C /* CommonCustomViewController.m */; };
		3606496A26D3F56F0029470C /* DiscussViewController.xib in Resources */ = {isa = PBXBuildFile; fileRef = 3606495426D3F56F0029470C /* DiscussViewController.xib */; };
		3606496B26D3F56F0029470C /* DiscussViewController.m in Sources */ = {isa = PBXBuildFile; fileRef = 3606495626D3F56F0029470C /* DiscussViewController.m */; };
		3606496C26D3F56F0029470C /* SubmitViewController.m in Sources */ = {isa = PBXBuildFile; fileRef = 3606495826D3F56F0029470C /* SubmitViewController.m */; };
		3606496D26D3F56F0029470C /* SubmitToolBarView.m in Sources */ = {isa = PBXBuildFile; fileRef = 3606495A26D3F56F0029470C /* SubmitToolBarView.m */; };
		3606496E26D3F56F0029470C /* CustomBarView.m in Sources */ = {isa = PBXBuildFile; fileRef = 3606495E26D3F56F0029470C /* CustomBarView.m */; };
		3606496F26D3F56F0029470C /* TextFieldViewController.m in Sources */ = {isa = PBXBuildFile; fileRef = 3606495F26D3F56F0029470C /* TextFieldViewController.m */; };
		3606497026D3F56F0029470C /* TextFieldViewController.xib in Resources */ = {isa = PBXBuildFile; fileRef = 3606496026D3F56F0029470C /* TextFieldViewController.xib */; };
		3606497126D3F56F0029470C /* ChatViewController.m in Sources */ = {isa = PBXBuildFile; fileRef = 3606496326D3F56F0029470C /* ChatViewController.m */; };
		3606497226D3F56F0029470C /* ChatXibViewController.m in Sources */ = {isa = PBXBuildFile; fileRef = 3606496426D3F56F0029470C /* ChatXibViewController.m */; };
		3606497326D3F56F0029470C /* ChatXibViewController.xib in Resources */ = {isa = PBXBuildFile; fileRef = 3606496526D3F56F0029470C /* ChatXibViewController.xib */; };
		36282B7026DD2B71007424DC /* ChatSwiftViewController.swift in Sources */ = {isa = PBXBuildFile; fileRef = 36282B6D26DD2B71007424DC /* ChatSwiftViewController.swift */; };
		36282B7126DD2B71007424DC /* CommonKeyboardViewController.swift in Sources */ = {isa = PBXBuildFile; fileRef = 36282B6E26DD2B71007424DC /* CommonKeyboardViewController.swift */; };
		362E164A27F05D2700BAADDA /* ChatSwiftCell.swift in Sources */ = {isa = PBXBuildFile; fileRef = 362E164927F05D2700BAADDA /* ChatSwiftCell.swift */; };
		36505D3427EDFAE10057019E /* ChatCell.m in Sources */ = {isa = PBXBuildFile; fileRef = 36505D3227EDFAE10057019E /* ChatCell.m */; };
		367A7E7527E8E6CE00ABFCAD /* QTestLabel.m in Sources */ = {isa = PBXBuildFile; fileRef = 367A7E7427E8E6CE00ABFCAD /* QTestLabel.m */; };
		36A7B92627EA12DE006920BF /* SendButtonViewController.m in Sources */ = {isa = PBXBuildFile; fileRef = 36A7B92527EA12DD006920BF /* SendButtonViewController.m */; };
		6003F58E195388D20070C39A /* Foundation.framework in Frameworks */ = {isa = PBXBuildFile; fileRef = 6003F58D195388D20070C39A /* Foundation.framework */; };
		6003F590195388D20070C39A /* CoreGraphics.framework in Frameworks */ = {isa = PBXBuildFile; fileRef = 6003F58F195388D20070C39A /* CoreGraphics.framework */; };
		6003F592195388D20070C39A /* UIKit.framework in Frameworks */ = {isa = PBXBuildFile; fileRef = 6003F591195388D20070C39A /* UIKit.framework */; };
		6003F598195388D20070C39A /* InfoPlist.strings in Resources */ = {isa = PBXBuildFile; fileRef = 6003F596195388D20070C39A /* InfoPlist.strings */; };
		6003F59A195388D20070C39A /* main.m in Sources */ = {isa = PBXBuildFile; fileRef = 6003F599195388D20070C39A /* main.m */; };
		6003F59E195388D20070C39A /* AppDelegate.m in Sources */ = {isa = PBXBuildFile; fileRef = 6003F59D195388D20070C39A /* AppDelegate.m */; };
		6003F5A9195388D20070C39A /* Images.xcassets in Resources */ = {isa = PBXBuildFile; fileRef = 6003F5A8195388D20070C39A /* Images.xcassets */; };
		6003F5B0195388D20070C39A /* XCTest.framework in Frameworks */ = {isa = PBXBuildFile; fileRef = 6003F5AF195388D20070C39A /* XCTest.framework */; };
		6003F5B1195388D20070C39A /* Foundation.framework in Frameworks */ = {isa = PBXBuildFile; fileRef = 6003F58D195388D20070C39A /* Foundation.framework */; };
		6003F5B2195388D20070C39A /* UIKit.framework in Frameworks */ = {isa = PBXBuildFile; fileRef = 6003F591195388D20070C39A /* UIKit.framework */; };
		6003F5BA195388D20070C39A /* InfoPlist.strings in Resources */ = {isa = PBXBuildFile; fileRef = 6003F5B8195388D20070C39A /* InfoPlist.strings */; };
		6003F5BC195388D20070C39A /* Tests.m in Sources */ = {isa = PBXBuildFile; fileRef = 6003F5BB195388D20070C39A /* Tests.m */; };
		71719F9F1E33DC2100824A3D /* LaunchScreen.storyboard in Resources */ = {isa = PBXBuildFile; fileRef = 71719F9D1E33DC2100824A3D /* LaunchScreen.storyboard */; };
		D0447E1D672DB378DB61D11D /* Pods_QKeyboardEmotionView_Example.framework in Frameworks */ = {isa = PBXBuildFile; fileRef = 0B7EC38D69F3531EF5D6DAB7 /* Pods_QKeyboardEmotionView_Example.framework */; };
/* End PBXBuildFile section */

/* Begin PBXContainerItemProxy section */
		6003F5B3195388D20070C39A /* PBXContainerItemProxy */ = {
			isa = PBXContainerItemProxy;
			containerPortal = 6003F582195388D10070C39A /* Project object */;
			proxyType = 1;
			remoteGlobalIDString = 6003F589195388D20070C39A;
			remoteInfo = QKeyboardEmotionView;
		};
/* End PBXContainerItemProxy section */

/* Begin PBXFileReference section */
		043AEB4B2C56435E00BB556E /* InputBarReplyView.h */ = {isa = PBXFileReference; fileEncoding = 4; lastKnownFileType = sourcecode.c.h; path = InputBarReplyView.h; sourceTree = "<group>"; };
		043AEB4C2C56435E00BB556E /* InputBarReplyView.m */ = {isa = PBXFileReference; fileEncoding = 4; lastKnownFileType = sourcecode.c.objc; path = InputBarReplyView.m; sourceTree = "<group>"; };
		04E9F6732C4BD0D600D361F6 /* ChatSendButtonViewController.m */ = {isa = PBXFileReference; fileEncoding = 4; lastKnownFileType = sourcecode.c.objc; path = ChatSendButtonViewController.m; sourceTree = "<group>"; };
		04E9F6742C4BD0D600D361F6 /* ChatSendButtonViewController.h */ = {isa = PBXFileReference; fileEncoding = 4; lastKnownFileType = sourcecode.c.h; path = ChatSendButtonViewController.h; sourceTree = "<group>"; };
		0B7EC38D69F3531EF5D6DAB7 /* Pods_QKeyboardEmotionView_Example.framework */ = {isa = PBXFileReference; explicitFileType = wrapper.framework; includeInIndex = 0; path = Pods_QKeyboardEmotionView_Example.framework; sourceTree = BUILT_PRODUCTS_DIR; };
		33EB5D4C86230F7FD8BE90F7 /* Pods-QKeyboardEmotionView_Tests.debug.xcconfig */ = {isa = PBXFileReference; includeInIndex = 1; lastKnownFileType = text.xcconfig; name = "Pods-QKeyboardEmotionView_Tests.debug.xcconfig"; path = "Target Support Files/Pods-QKeyboardEmotionView_Tests/Pods-QKeyboardEmotionView_Tests.debug.xcconfig"; sourceTree = "<group>"; };
		360648F626D3DD680029470C /* RootViewController.m */ = {isa = PBXFileReference; fileEncoding = 4; lastKnownFileType = sourcecode.c.objc; path = RootViewController.m; sourceTree = "<group>"; };
		360648F726D3DD680029470C /* QHolderTextView.h */ = {isa = PBXFileReference; fileEncoding = 4; lastKnownFileType = sourcecode.c.h; path = QHolderTextView.h; sourceTree = "<group>"; };
		360648F826D3DD680029470C /* RootViewController.h */ = {isa = PBXFileReference; fileEncoding = 4; lastKnownFileType = sourcecode.c.h; path = RootViewController.h; sourceTree = "<group>"; };
		360648FB26D3DD680029470C /* QHolderTextView.m */ = {isa = PBXFileReference; fileEncoding = 4; lastKnownFileType = sourcecode.c.objc; path = QHolderTextView.m; sourceTree = "<group>"; };
		3606494F26D3F56F0029470C /* CommonViewController.m */ = {isa = PBXFileReference; fileEncoding = 4; lastKnownFileType = sourcecode.c.objc; path = CommonViewController.m; sourceTree = "<group>"; };
		3606495026D3F56F0029470C /* CommonCustomViewController.h */ = {isa = PBXFileReference; fileEncoding = 4; lastKnownFileType = sourcecode.c.h; path = CommonCustomViewController.h; sourceTree = "<group>"; };
		3606495126D3F56F0029470C /* CommonViewController.h */ = {isa = PBXFileReference; fileEncoding = 4; lastKnownFileType = sourcecode.c.h; path = CommonViewController.h; sourceTree = "<group>"; };
		3606495226D3F56F0029470C /* CommonCustomViewController.m */ = {isa = PBXFileReference; fileEncoding = 4; lastKnownFileType = sourcecode.c.objc; path = CommonCustomViewController.m; sourceTree = "<group>"; };
		3606495426D3F56F0029470C /* DiscussViewController.xib */ = {isa = PBXFileReference; fileEncoding = 4; lastKnownFileType = file.xib; path = DiscussViewController.xib; sourceTree = "<group>"; };
		3606495526D3F56F0029470C /* DiscussViewController.h */ = {isa = PBXFileReference; fileEncoding = 4; lastKnownFileType = sourcecode.c.h; path = DiscussViewController.h; sourceTree = "<group>"; };
		3606495626D3F56F0029470C /* DiscussViewController.m */ = {isa = PBXFileReference; fileEncoding = 4; lastKnownFileType = sourcecode.c.objc; path = DiscussViewController.m; sourceTree = "<group>"; };
		3606495826D3F56F0029470C /* SubmitViewController.m */ = {isa = PBXFileReference; fileEncoding = 4; lastKnownFileType = sourcecode.c.objc; path = SubmitViewController.m; sourceTree = "<group>"; };
		3606495926D3F56F0029470C /* SubmitToolBarView.h */ = {isa = PBXFileReference; fileEncoding = 4; lastKnownFileType = sourcecode.c.h; path = SubmitToolBarView.h; sourceTree = "<group>"; };
		3606495A26D3F56F0029470C /* SubmitToolBarView.m */ = {isa = PBXFileReference; fileEncoding = 4; lastKnownFileType = sourcecode.c.objc; path = SubmitToolBarView.m; sourceTree = "<group>"; };
		3606495B26D3F56F0029470C /* SubmitViewController.h */ = {isa = PBXFileReference; fileEncoding = 4; lastKnownFileType = sourcecode.c.h; path = SubmitViewController.h; sourceTree = "<group>"; };
		3606495D26D3F56F0029470C /* TextFieldViewController.h */ = {isa = PBXFileReference; fileEncoding = 4; lastKnownFileType = sourcecode.c.h; path = TextFieldViewController.h; sourceTree = "<group>"; };
		3606495E26D3F56F0029470C /* CustomBarView.m */ = {isa = PBXFileReference; fileEncoding = 4; lastKnownFileType = sourcecode.c.objc; path = CustomBarView.m; sourceTree = "<group>"; };
		3606495F26D3F56F0029470C /* TextFieldViewController.m */ = {isa = PBXFileReference; fileEncoding = 4; lastKnownFileType = sourcecode.c.objc; path = TextFieldViewController.m; sourceTree = "<group>"; };
		3606496026D3F56F0029470C /* TextFieldViewController.xib */ = {isa = PBXFileReference; fileEncoding = 4; lastKnownFileType = file.xib; path = TextFieldViewController.xib; sourceTree = "<group>"; };
		3606496126D3F56F0029470C /* CustomBarView.h */ = {isa = PBXFileReference; fileEncoding = 4; lastKnownFileType = sourcecode.c.h; path = CustomBarView.h; sourceTree = "<group>"; };
		3606496326D3F56F0029470C /* ChatViewController.m */ = {isa = PBXFileReference; fileEncoding = 4; lastKnownFileType = sourcecode.c.objc; path = ChatViewController.m; sourceTree = "<group>"; };
		3606496426D3F56F0029470C /* ChatXibViewController.m */ = {isa = PBXFileReference; fileEncoding = 4; lastKnownFileType = sourcecode.c.objc; path = ChatXibViewController.m; sourceTree = "<group>"; };
		3606496526D3F56F0029470C /* ChatXibViewController.xib */ = {isa = PBXFileReference; fileEncoding = 4; lastKnownFileType = file.xib; path = ChatXibViewController.xib; sourceTree = "<group>"; };
		3606496626D3F56F0029470C /* ChatXibViewController.h */ = {isa = PBXFileReference; fileEncoding = 4; lastKnownFileType = sourcecode.c.h; path = ChatXibViewController.h; sourceTree = "<group>"; };
		3606496726D3F56F0029470C /* ChatViewController.h */ = {isa = PBXFileReference; fileEncoding = 4; lastKnownFileType = sourcecode.c.h; path = ChatViewController.h; sourceTree = "<group>"; };
		36282B6D26DD2B71007424DC /* ChatSwiftViewController.swift */ = {isa = PBXFileReference; fileEncoding = 4; lastKnownFileType = sourcecode.swift; path = ChatSwiftViewController.swift; sourceTree = "<group>"; };
		36282B6E26DD2B71007424DC /* CommonKeyboardViewController.swift */ = {isa = PBXFileReference; fileEncoding = 4; lastKnownFileType = sourcecode.swift; path = CommonKeyboardViewController.swift; sourceTree = "<group>"; };
		36282B8E26DD342C007424DC /* QKeyboardEmotionView-Bridging-Header.h */ = {isa = PBXFileReference; lastKnownFileType = sourcecode.c.h; path = "QKeyboardEmotionView-Bridging-Header.h"; sourceTree = "<group>"; };
		362E164927F05D2700BAADDA /* ChatSwiftCell.swift */ = {isa = PBXFileReference; lastKnownFileType = sourcecode.swift; path = ChatSwiftCell.swift; sourceTree = "<group>"; };
		36505D3127EDFAE10057019E /* ChatCell.h */ = {isa = PBXFileReference; fileEncoding = 4; lastKnownFileType = sourcecode.c.h; path = ChatCell.h; sourceTree = "<group>"; };
		36505D3227EDFAE10057019E /* ChatCell.m */ = {isa = PBXFileReference; fileEncoding = 4; lastKnownFileType = sourcecode.c.objc; path = ChatCell.m; sourceTree = "<group>"; };
		367A7E7327E8E6CE00ABFCAD /* QTestLabel.h */ = {isa = PBXFileReference; lastKnownFileType = sourcecode.c.h; path = QTestLabel.h; sourceTree = "<group>"; };
		367A7E7427E8E6CE00ABFCAD /* QTestLabel.m */ = {isa = PBXFileReference; lastKnownFileType = sourcecode.c.objc; path = QTestLabel.m; sourceTree = "<group>"; };
		36A7B92427EA12DD006920BF /* SendButtonViewController.h */ = {isa = PBXFileReference; fileEncoding = 4; lastKnownFileType = sourcecode.c.h; path = SendButtonViewController.h; sourceTree = "<group>"; };
		36A7B92527EA12DD006920BF /* SendButtonViewController.m */ = {isa = PBXFileReference; fileEncoding = 4; lastKnownFileType = sourcecode.c.objc; path = SendButtonViewController.m; sourceTree = "<group>"; };
		4B86392E2BB35235057C76BD /* README.md */ = {isa = PBXFileReference; includeInIndex = 1; lastKnownFileType = net.daringfireball.markdown; name = README.md; path = ../README.md; sourceTree = "<group>"; };
		6003F58A195388D20070C39A /* QKeyboardEmotionView_Example.app */ = {isa = PBXFileReference; explicitFileType = wrapper.application; includeInIndex = 0; path = QKeyboardEmotionView_Example.app; sourceTree = BUILT_PRODUCTS_DIR; };
		6003F58D195388D20070C39A /* Foundation.framework */ = {isa = PBXFileReference; lastKnownFileType = wrapper.framework; name = Foundation.framework; path = System/Library/Frameworks/Foundation.framework; sourceTree = SDKROOT; };
		6003F58F195388D20070C39A /* CoreGraphics.framework */ = {isa = PBXFileReference; lastKnownFileType = wrapper.framework; name = CoreGraphics.framework; path = System/Library/Frameworks/CoreGraphics.framework; sourceTree = SDKROOT; };
		6003F591195388D20070C39A /* UIKit.framework */ = {isa = PBXFileReference; lastKnownFileType = wrapper.framework; name = UIKit.framework; path = System/Library/Frameworks/UIKit.framework; sourceTree = SDKROOT; };
		6003F595195388D20070C39A /* QKeyboardEmotionView-Info.plist */ = {isa = PBXFileReference; lastKnownFileType = text.plist.xml; path = "QKeyboardEmotionView-Info.plist"; sourceTree = "<group>"; };
		6003F597195388D20070C39A /* en */ = {isa = PBXFileReference; lastKnownFileType = text.plist.strings; name = en; path = en.lproj/InfoPlist.strings; sourceTree = "<group>"; };
		6003F599195388D20070C39A /* main.m */ = {isa = PBXFileReference; lastKnownFileType = sourcecode.c.objc; path = main.m; sourceTree = "<group>"; };
		6003F59B195388D20070C39A /* QKeyboardEmotionView-Prefix.pch */ = {isa = PBXFileReference; lastKnownFileType = sourcecode.c.h; path = "QKeyboardEmotionView-Prefix.pch"; sourceTree = "<group>"; };
		6003F59C195388D20070C39A /* AppDelegate.h */ = {isa = PBXFileReference; lastKnownFileType = sourcecode.c.h; path = AppDelegate.h; sourceTree = "<group>"; };
		6003F59D195388D20070C39A /* AppDelegate.m */ = {isa = PBXFileReference; lastKnownFileType = sourcecode.c.objc; path = AppDelegate.m; sourceTree = "<group>"; };
		6003F5A8195388D20070C39A /* Images.xcassets */ = {isa = PBXFileReference; lastKnownFileType = folder.assetcatalog; path = Images.xcassets; sourceTree = "<group>"; };
		6003F5AE195388D20070C39A /* QKeyboardEmotionView_Tests.xctest */ = {isa = PBXFileReference; explicitFileType = wrapper.cfbundle; includeInIndex = 0; path = QKeyboardEmotionView_Tests.xctest; sourceTree = BUILT_PRODUCTS_DIR; };
		6003F5AF195388D20070C39A /* XCTest.framework */ = {isa = PBXFileReference; lastKnownFileType = wrapper.framework; name = XCTest.framework; path = Library/Frameworks/XCTest.framework; sourceTree = DEVELOPER_DIR; };
		6003F5B7195388D20070C39A /* Tests-Info.plist */ = {isa = PBXFileReference; lastKnownFileType = text.plist.xml; path = "Tests-Info.plist"; sourceTree = "<group>"; };
		6003F5B9195388D20070C39A /* en */ = {isa = PBXFileReference; lastKnownFileType = text.plist.strings; name = en; path = en.lproj/InfoPlist.strings; sourceTree = "<group>"; };
		6003F5BB195388D20070C39A /* Tests.m */ = {isa = PBXFileReference; lastKnownFileType = sourcecode.c.objc; path = Tests.m; sourceTree = "<group>"; };
		606FC2411953D9B200FFA9A0 /* Tests-Prefix.pch */ = {isa = PBXFileReference; lastKnownFileType = sourcecode.c.h; path = "Tests-Prefix.pch"; sourceTree = "<group>"; };
		636B0D78CE72783672EE1D59 /* Pods-QKeyboardEmotionView_Example.release.xcconfig */ = {isa = PBXFileReference; includeInIndex = 1; lastKnownFileType = text.xcconfig; name = "Pods-QKeyboardEmotionView_Example.release.xcconfig"; path = "Target Support Files/Pods-QKeyboardEmotionView_Example/Pods-QKeyboardEmotionView_Example.release.xcconfig"; sourceTree = "<group>"; };
		71719F9E1E33DC2100824A3D /* Base */ = {isa = PBXFileReference; lastKnownFileType = file.storyboard; name = Base; path = Base.lproj/LaunchScreen.storyboard; sourceTree = "<group>"; };
		7E3ECF2123A6F6E86595EAFF /* LICENSE */ = {isa = PBXFileReference; includeInIndex = 1; lastKnownFileType = text; name = LICENSE; path = ../LICENSE; sourceTree = "<group>"; };
		8003A8B2A84C58E3813E51FF /* Pods-QKeyboardEmotionView_Tests.release.xcconfig */ = {isa = PBXFileReference; includeInIndex = 1; lastKnownFileType = text.xcconfig; name = "Pods-QKeyboardEmotionView_Tests.release.xcconfig"; path = "Target Support Files/Pods-QKeyboardEmotionView_Tests/Pods-QKeyboardEmotionView_Tests.release.xcconfig"; sourceTree = "<group>"; };
		CF5B74914F0AF2CF81A08C4E /* QKeyboardEmotionView.podspec */ = {isa = PBXFileReference; includeInIndex = 1; lastKnownFileType = text; name = QKeyboardEmotionView.podspec; path = ../QKeyboardEmotionView.podspec; sourceTree = "<group>"; xcLanguageSpecificationIdentifier = xcode.lang.ruby; };
		D8B567FD8AC65B27AA125BF0 /* Pods_QKeyboardEmotionView_Tests.framework */ = {isa = PBXFileReference; explicitFileType = wrapper.framework; includeInIndex = 0; path = Pods_QKeyboardEmotionView_Tests.framework; sourceTree = BUILT_PRODUCTS_DIR; };
		DB6EC841B431AEA41FAC6339 /* Pods-QKeyboardEmotionView_Example.debug.xcconfig */ = {isa = PBXFileReference; includeInIndex = 1; lastKnownFileType = text.xcconfig; name = "Pods-QKeyboardEmotionView_Example.debug.xcconfig"; path = "Target Support Files/Pods-QKeyboardEmotionView_Example/Pods-QKeyboardEmotionView_Example.debug.xcconfig"; sourceTree = "<group>"; };
/* End PBXFileReference section */

/* Begin PBXFrameworksBuildPhase section */
		6003F587195388D20070C39A /* Frameworks */ = {
			isa = PBXFrameworksBuildPhase;
			buildActionMask = 2147483647;
			files = (
				6003F590195388D20070C39A /* CoreGraphics.framework in Frameworks */,
				6003F592195388D20070C39A /* UIKit.framework in Frameworks */,
				6003F58E195388D20070C39A /* Foundation.framework in Frameworks */,
				D0447E1D672DB378DB61D11D /* Pods_QKeyboardEmotionView_Example.framework in Frameworks */,
			);
			runOnlyForDeploymentPostprocessing = 0;
		};
		6003F5AB195388D20070C39A /* Frameworks */ = {
			isa = PBXFrameworksBuildPhase;
			buildActionMask = 2147483647;
			files = (
				6003F5B0195388D20070C39A /* XCTest.framework in Frameworks */,
				6003F5B2195388D20070C39A /* UIKit.framework in Frameworks */,
				6003F5B1195388D20070C39A /* Foundation.framework in Frameworks */,
				12582FCBFDCB8A3368069439 /* Pods_QKeyboardEmotionView_Tests.framework in Frameworks */,
			);
			runOnlyForDeploymentPostprocessing = 0;
		};
/* End PBXFrameworksBuildPhase section */

/* Begin PBXGroup section */
		3606494E26D3F56F0029470C /* Common */ = {
			isa = PBXGroup;
			children = (
				3606495126D3F56F0029470C /* CommonViewController.h */,
				3606494F26D3F56F0029470C /* CommonViewController.m */,
				3606495026D3F56F0029470C /* CommonCustomViewController.h */,
				3606495226D3F56F0029470C /* CommonCustomViewController.m */,
			);
			path = Common;
			sourceTree = "<group>";
		};
		3606495326D3F56F0029470C /* Discuss */ = {
			isa = PBXGroup;
			children = (
				3606495526D3F56F0029470C /* DiscussViewController.h */,
				3606495626D3F56F0029470C /* DiscussViewController.m */,
				3606495426D3F56F0029470C /* DiscussViewController.xib */,
			);
			path = Discuss;
			sourceTree = "<group>";
		};
		3606495726D3F56F0029470C /* Submit */ = {
			isa = PBXGroup;
			children = (
				3606495926D3F56F0029470C /* SubmitToolBarView.h */,
				3606495A26D3F56F0029470C /* SubmitToolBarView.m */,
				3606495B26D3F56F0029470C /* SubmitViewController.h */,
				3606495826D3F56F0029470C /* SubmitViewController.m */,
			);
			path = Submit;
			sourceTree = "<group>";
		};
		3606495C26D3F56F0029470C /* TextField */ = {
			isa = PBXGroup;
			children = (
				3606496126D3F56F0029470C /* CustomBarView.h */,
				3606495E26D3F56F0029470C /* CustomBarView.m */,
				3606495D26D3F56F0029470C /* TextFieldViewController.h */,
				3606495F26D3F56F0029470C /* TextFieldViewController.m */,
				3606496026D3F56F0029470C /* TextFieldViewController.xib */,
			);
			path = TextField;
			sourceTree = "<group>";
		};
		3606496226D3F56F0029470C /* Chat */ = {
			isa = PBXGroup;
			children = (
				36505D3127EDFAE10057019E /* ChatCell.h */,
				36505D3227EDFAE10057019E /* ChatCell.m */,
				3606496726D3F56F0029470C /* ChatViewController.h */,
				3606496326D3F56F0029470C /* ChatViewController.m */,
				3606496626D3F56F0029470C /* ChatXibViewController.h */,
				3606496426D3F56F0029470C /* ChatXibViewController.m */,
				3606496526D3F56F0029470C /* ChatXibViewController.xib */,
				04E9F6742C4BD0D600D361F6 /* ChatSendButtonViewController.h */,
				04E9F6732C4BD0D600D361F6 /* ChatSendButtonViewController.m */,
				367A7E7327E8E6CE00ABFCAD /* QTestLabel.h */,
				367A7E7427E8E6CE00ABFCAD /* QTestLabel.m */,
				043AEB4B2C56435E00BB556E /* InputBarReplyView.h */,
				043AEB4C2C56435E00BB556E /* InputBarReplyView.m */,
			);
			path = Chat;
			sourceTree = "<group>";
		};
		36282B6B26DD2B70007424DC /* SwiftChat */ = {
			isa = PBXGroup;
			children = (
				36282B6D26DD2B71007424DC /* ChatSwiftViewController.swift */,
				36282B6E26DD2B71007424DC /* CommonKeyboardViewController.swift */,
				362E164927F05D2700BAADDA /* ChatSwiftCell.swift */,
			);
			path = SwiftChat;
			sourceTree = "<group>";
		};
		36A7B92327EA12DD006920BF /* SendButton */ = {
			isa = PBXGroup;
			children = (
				36A7B92427EA12DD006920BF /* SendButtonViewController.h */,
				36A7B92527EA12DD006920BF /* SendButtonViewController.m */,
			);
			path = SendButton;
			sourceTree = "<group>";
		};
		6003F581195388D10070C39A = {
			isa = PBXGroup;
			children = (
				60FF7A9C1954A5C5007DD14C /* Podspec Metadata */,
				6003F593195388D20070C39A /* Example for QKeyboardEmotionView */,
				6003F5B5195388D20070C39A /* Tests */,
				6003F58C195388D20070C39A /* Frameworks */,
				6003F58B195388D20070C39A /* Products */,
				6C6B416A5EB04BA6D7E61E16 /* Pods */,
			);
			sourceTree = "<group>";
		};
		6003F58B195388D20070C39A /* Products */ = {
			isa = PBXGroup;
			children = (
				6003F58A195388D20070C39A /* QKeyboardEmotionView_Example.app */,
				6003F5AE195388D20070C39A /* QKeyboardEmotionView_Tests.xctest */,
			);
			name = Products;
			sourceTree = "<group>";
		};
		6003F58C195388D20070C39A /* Frameworks */ = {
			isa = PBXGroup;
			children = (
				6003F58D195388D20070C39A /* Foundation.framework */,
				6003F58F195388D20070C39A /* CoreGraphics.framework */,
				6003F591195388D20070C39A /* UIKit.framework */,
				6003F5AF195388D20070C39A /* XCTest.framework */,
				0B7EC38D69F3531EF5D6DAB7 /* Pods_QKeyboardEmotionView_Example.framework */,
				D8B567FD8AC65B27AA125BF0 /* Pods_QKeyboardEmotionView_Tests.framework */,
			);
			name = Frameworks;
			sourceTree = "<group>";
		};
		6003F593195388D20070C39A /* Example for QKeyboardEmotionView */ = {
			isa = PBXGroup;
			children = (
				36282B6B26DD2B70007424DC /* SwiftChat */,
				3606494E26D3F56F0029470C /* Common */,
				3606496226D3F56F0029470C /* Chat */,
				3606495326D3F56F0029470C /* Discuss */,
				3606495726D3F56F0029470C /* Submit */,
				3606495C26D3F56F0029470C /* TextField */,
				36A7B92327EA12DD006920BF /* SendButton */,
				360648F726D3DD680029470C /* QHolderTextView.h */,
				360648FB26D3DD680029470C /* QHolderTextView.m */,
				360648F826D3DD680029470C /* RootViewController.h */,
				360648F626D3DD680029470C /* RootViewController.m */,
				6003F59C195388D20070C39A /* AppDelegate.h */,
				6003F59D195388D20070C39A /* AppDelegate.m */,
				36282B8E26DD342C007424DC /* QKeyboardEmotionView-Bridging-Header.h */,
				71719F9D1E33DC2100824A3D /* LaunchScreen.storyboard */,
				6003F5A8195388D20070C39A /* Images.xcassets */,
				6003F594195388D20070C39A /* Supporting Files */,
			);
			name = "Example for QKeyboardEmotionView";
			path = QKeyboardEmotionView;
			sourceTree = "<group>";
		};
		6003F594195388D20070C39A /* Supporting Files */ = {
			isa = PBXGroup;
			children = (
				6003F595195388D20070C39A /* QKeyboardEmotionView-Info.plist */,
				6003F596195388D20070C39A /* InfoPlist.strings */,
				6003F599195388D20070C39A /* main.m */,
				6003F59B195388D20070C39A /* QKeyboardEmotionView-Prefix.pch */,
			);
			name = "Supporting Files";
			sourceTree = "<group>";
		};
		6003F5B5195388D20070C39A /* Tests */ = {
			isa = PBXGroup;
			children = (
				6003F5BB195388D20070C39A /* Tests.m */,
				6003F5B6195388D20070C39A /* Supporting Files */,
			);
			path = Tests;
			sourceTree = "<group>";
		};
		6003F5B6195388D20070C39A /* Supporting Files */ = {
			isa = PBXGroup;
			children = (
				6003F5B7195388D20070C39A /* Tests-Info.plist */,
				6003F5B8195388D20070C39A /* InfoPlist.strings */,
				606FC2411953D9B200FFA9A0 /* Tests-Prefix.pch */,
			);
			name = "Supporting Files";
			sourceTree = "<group>";
		};
		60FF7A9C1954A5C5007DD14C /* Podspec Metadata */ = {
			isa = PBXGroup;
			children = (
				CF5B74914F0AF2CF81A08C4E /* QKeyboardEmotionView.podspec */,
				4B86392E2BB35235057C76BD /* README.md */,
				7E3ECF2123A6F6E86595EAFF /* LICENSE */,
			);
			name = "Podspec Metadata";
			sourceTree = "<group>";
		};
		6C6B416A5EB04BA6D7E61E16 /* Pods */ = {
			isa = PBXGroup;
			children = (
				DB6EC841B431AEA41FAC6339 /* Pods-QKeyboardEmotionView_Example.debug.xcconfig */,
				636B0D78CE72783672EE1D59 /* Pods-QKeyboardEmotionView_Example.release.xcconfig */,
				33EB5D4C86230F7FD8BE90F7 /* Pods-QKeyboardEmotionView_Tests.debug.xcconfig */,
				8003A8B2A84C58E3813E51FF /* Pods-QKeyboardEmotionView_Tests.release.xcconfig */,
			);
			path = Pods;
			sourceTree = "<group>";
		};
/* End PBXGroup section */

/* Begin PBXNativeTarget section */
		6003F589195388D20070C39A /* QKeyboardEmotionView_Example */ = {
			isa = PBXNativeTarget;
			buildConfigurationList = 6003F5BF195388D20070C39A /* Build configuration list for PBXNativeTarget "QKeyboardEmotionView_Example" */;
			buildPhases = (
				C5C581733A2224BC0D8F8F54 /* [CP] Check Pods Manifest.lock */,
				6003F586195388D20070C39A /* Sources */,
				6003F587195388D20070C39A /* Frameworks */,
				6003F588195388D20070C39A /* Resources */,
				8027F940DAEE8CF4A8569718 /* [CP] Embed Pods Frameworks */,
			);
			buildRules = (
			);
			dependencies = (
			);
			name = QKeyboardEmotionView_Example;
			productName = QKeyboardEmotionView;
			productReference = 6003F58A195388D20070C39A /* QKeyboardEmotionView_Example.app */;
			productType = "com.apple.product-type.application";
		};
		6003F5AD195388D20070C39A /* QKeyboardEmotionView_Tests */ = {
			isa = PBXNativeTarget;
			buildConfigurationList = 6003F5C2195388D20070C39A /* Build configuration list for PBXNativeTarget "QKeyboardEmotionView_Tests" */;
			buildPhases = (
				E66642270E7A7C18C1154B2C /* [CP] Check Pods Manifest.lock */,
				6003F5AA195388D20070C39A /* Sources */,
				6003F5AB195388D20070C39A /* Frameworks */,
				6003F5AC195388D20070C39A /* Resources */,
			);
			buildRules = (
			);
			dependencies = (
				6003F5B4195388D20070C39A /* PBXTargetDependency */,
			);
			name = QKeyboardEmotionView_Tests;
			productName = QKeyboardEmotionViewTests;
			productReference = 6003F5AE195388D20070C39A /* QKeyboardEmotionView_Tests.xctest */;
			productType = "com.apple.product-type.bundle.unit-test";
		};
/* End PBXNativeTarget section */

/* Begin PBXProject section */
		6003F582195388D10070C39A /* Project object */ = {
			isa = PBXProject;
			attributes = {
				CLASSPREFIX = QKEYBOARDEMOTIONVIEW;
				LastUpgradeCheck = 0720;
				ORGANIZATIONNAME = 285275534;
				TargetAttributes = {
					6003F589195388D20070C39A = {
						DevelopmentTeam = XKKG4W52GY;
						ProvisioningStyle = Manual;
					};
					6003F5AD195388D20070C39A = {
						TestTargetID = 6003F589195388D20070C39A;
					};
				};
			};
			buildConfigurationList = 6003F585195388D10070C39A /* Build configuration list for PBXProject "QKeyboardEmotionView" */;
			compatibilityVersion = "Xcode 3.2";
			developmentRegion = English;
			hasScannedForEncodings = 0;
			knownRegions = (
				English,
				en,
				Base,
			);
			mainGroup = 6003F581195388D10070C39A;
			productRefGroup = 6003F58B195388D20070C39A /* Products */;
			projectDirPath = "";
			projectRoot = "";
			targets = (
				6003F589195388D20070C39A /* QKeyboardEmotionView_Example */,
				6003F5AD195388D20070C39A /* QKeyboardEmotionView_Tests */,
			);
		};
/* End PBXProject section */

/* Begin PBXResourcesBuildPhase section */
		6003F588195388D20070C39A /* Resources */ = {
			isa = PBXResourcesBuildPhase;
			buildActionMask = 2147483647;
			files = (
				3606496A26D3F56F0029470C /* DiscussViewController.xib in Resources */,
				71719F9F1E33DC2100824A3D /* LaunchScreen.storyboard in Resources */,
				3606497326D3F56F0029470C /* ChatXibViewController.xib in Resources */,
				3606497026D3F56F0029470C /* TextFieldViewController.xib in Resources */,
				6003F5A9195388D20070C39A /* Images.xcassets in Resources */,
				6003F598195388D20070C39A /* InfoPlist.strings in Resources */,
			);
			runOnlyForDeploymentPostprocessing = 0;
		};
		6003F5AC195388D20070C39A /* Resources */ = {
			isa = PBXResourcesBuildPhase;
			buildActionMask = 2147483647;
			files = (
				6003F5BA195388D20070C39A /* InfoPlist.strings in Resources */,
			);
			runOnlyForDeploymentPostprocessing = 0;
		};
/* End PBXResourcesBuildPhase section */

/* Begin PBXShellScriptBuildPhase section */
		8027F940DAEE8CF4A8569718 /* [CP] Embed Pods Frameworks */ = {
			isa = PBXShellScriptBuildPhase;
			buildActionMask = 2147483647;
			files = (
			);
			inputPaths = (
				"${PODS_ROOT}/Target Support Files/Pods-QKeyboardEmotionView_Example/Pods-QKeyboardEmotionView_Example-frameworks.sh",
				"${BUILT_PRODUCTS_DIR}/QKeyboardEmotionView/QKeyboardEmotionView.framework",
			);
			name = "[CP] Embed Pods Frameworks";
			outputPaths = (
				"${TARGET_BUILD_DIR}/${FRAMEWORKS_FOLDER_PATH}/QKeyboardEmotionView.framework",
			);
			runOnlyForDeploymentPostprocessing = 0;
			shellPath = /bin/sh;
			shellScript = "\"${PODS_ROOT}/Target Support Files/Pods-QKeyboardEmotionView_Example/Pods-QKeyboardEmotionView_Example-frameworks.sh\"\n";
			showEnvVarsInLog = 0;
		};
		C5C581733A2224BC0D8F8F54 /* [CP] Check Pods Manifest.lock */ = {
			isa = PBXShellScriptBuildPhase;
			buildActionMask = 2147483647;
			files = (
			);
			inputFileListPaths = (
			);
			inputPaths = (
				"${PODS_PODFILE_DIR_PATH}/Podfile.lock",
				"${PODS_ROOT}/Manifest.lock",
			);
			name = "[CP] Check Pods Manifest.lock";
			outputFileListPaths = (
			);
			outputPaths = (
				"$(DERIVED_FILE_DIR)/Pods-QKeyboardEmotionView_Example-checkManifestLockResult.txt",
			);
			runOnlyForDeploymentPostprocessing = 0;
			shellPath = /bin/sh;
			shellScript = "diff \"${PODS_PODFILE_DIR_PATH}/Podfile.lock\" \"${PODS_ROOT}/Manifest.lock\" > /dev/null\nif [ $? != 0 ] ; then\n    # print error to STDERR\n    echo \"error: The sandbox is not in sync with the Podfile.lock. Run 'pod install' or update your CocoaPods installation.\" >&2\n    exit 1\nfi\n# This output is used by Xcode 'outputs' to avoid re-running this script phase.\necho \"SUCCESS\" > \"${SCRIPT_OUTPUT_FILE_0}\"\n";
			showEnvVarsInLog = 0;
		};
		E66642270E7A7C18C1154B2C /* [CP] Check Pods Manifest.lock */ = {
			isa = PBXShellScriptBuildPhase;
			buildActionMask = 2147483647;
			files = (
			);
			inputFileListPaths = (
			);
			inputPaths = (
				"${PODS_PODFILE_DIR_PATH}/Podfile.lock",
				"${PODS_ROOT}/Manifest.lock",
			);
			name = "[CP] Check Pods Manifest.lock";
			outputFileListPaths = (
			);
			outputPaths = (
				"$(DERIVED_FILE_DIR)/Pods-QKeyboardEmotionView_Tests-checkManifestLockResult.txt",
			);
			runOnlyForDeploymentPostprocessing = 0;
			shellPath = /bin/sh;
			shellScript = "diff \"${PODS_PODFILE_DIR_PATH}/Podfile.lock\" \"${PODS_ROOT}/Manifest.lock\" > /dev/null\nif [ $? != 0 ] ; then\n    # print error to STDERR\n    echo \"error: The sandbox is not in sync with the Podfile.lock. Run 'pod install' or update your CocoaPods installation.\" >&2\n    exit 1\nfi\n# This output is used by Xcode 'outputs' to avoid re-running this script phase.\necho \"SUCCESS\" > \"${SCRIPT_OUTPUT_FILE_0}\"\n";
			showEnvVarsInLog = 0;
		};
/* End PBXShellScriptBuildPhase section */

/* Begin PBXSourcesBuildPhase section */
		6003F586195388D20070C39A /* Sources */ = {
			isa = PBXSourcesBuildPhase;
			buildActionMask = 2147483647;
			files = (
				043AEB4D2C56435E00BB556E /* InputBarReplyView.m in Sources */,
				3606497126D3F56F0029470C /* ChatViewController.m in Sources */,
				3606496F26D3F56F0029470C /* TextFieldViewController.m in Sources */,
				6003F59E195388D20070C39A /* AppDelegate.m in Sources */,
				362E164A27F05D2700BAADDA /* ChatSwiftCell.swift in Sources */,
				6003F59A195388D20070C39A /* main.m in Sources */,
				36282B7026DD2B71007424DC /* ChatSwiftViewController.swift in Sources */,
				3606497226D3F56F0029470C /* ChatXibViewController.m in Sources */,
				36A7B92627EA12DE006920BF /* SendButtonViewController.m in Sources */,
				3606496926D3F56F0029470C /* CommonCustomViewController.m in Sources */,
				3606496C26D3F56F0029470C /* SubmitViewController.m in Sources */,
				04E9F6752C4BD0D600D361F6 /* ChatSendButtonViewController.m in Sources */,
				360648FC26D3DD680029470C /* RootViewController.m in Sources */,
				36282B7126DD2B71007424DC /* CommonKeyboardViewController.swift in Sources */,
				3606496D26D3F56F0029470C /* SubmitToolBarView.m in Sources */,
				36505D3427EDFAE10057019E /* ChatCell.m in Sources */,
				360648FF26D3DD680029470C /* QHolderTextView.m in Sources */,
				3606496826D3F56F0029470C /* CommonViewController.m in Sources */,
				3606496E26D3F56F0029470C /* CustomBarView.m in Sources */,
				367A7E7527E8E6CE00ABFCAD /* QTestLabel.m in Sources */,
				3606496B26D3F56F0029470C /* DiscussViewController.m in Sources */,
			);
			runOnlyForDeploymentPostprocessing = 0;
		};
		6003F5AA195388D20070C39A /* Sources */ = {
			isa = PBXSourcesBuildPhase;
			buildActionMask = 2147483647;
			files = (
				6003F5BC195388D20070C39A /* Tests.m in Sources */,
			);
			runOnlyForDeploymentPostprocessing = 0;
		};
/* End PBXSourcesBuildPhase section */

/* Begin PBXTargetDependency section */
		6003F5B4195388D20070C39A /* PBXTargetDependency */ = {
			isa = PBXTargetDependency;
			target = 6003F589195388D20070C39A /* QKeyboardEmotionView_Example */;
			targetProxy = 6003F5B3195388D20070C39A /* PBXContainerItemProxy */;
		};
/* End PBXTargetDependency section */

/* Begin PBXVariantGroup section */
		6003F596195388D20070C39A /* InfoPlist.strings */ = {
			isa = PBXVariantGroup;
			children = (
				6003F597195388D20070C39A /* en */,
			);
			name = InfoPlist.strings;
			sourceTree = "<group>";
		};
		6003F5B8195388D20070C39A /* InfoPlist.strings */ = {
			isa = PBXVariantGroup;
			children = (
				6003F5B9195388D20070C39A /* en */,
			);
			name = InfoPlist.strings;
			sourceTree = "<group>";
		};
		71719F9D1E33DC2100824A3D /* LaunchScreen.storyboard */ = {
			isa = PBXVariantGroup;
			children = (
				71719F9E1E33DC2100824A3D /* Base */,
			);
			name = LaunchScreen.storyboard;
			sourceTree = "<group>";
		};
/* End PBXVariantGroup section */

/* Begin XCBuildConfiguration section */
		6003F5BD195388D20070C39A /* Debug */ = {
			isa = XCBuildConfiguration;
			buildSettings = {
				ALWAYS_SEARCH_USER_PATHS = NO;
				CLANG_CXX_LANGUAGE_STANDARD = "gnu++0x";
				CLANG_CXX_LIBRARY = "libc++";
				CLANG_ENABLE_MODULES = YES;
				CLANG_ENABLE_OBJC_ARC = YES;
				CLANG_WARN_BOOL_CONVERSION = YES;
				CLANG_WARN_CONSTANT_CONVERSION = YES;
				CLANG_WARN_DIRECT_OBJC_ISA_USAGE = YES_ERROR;
				CLANG_WARN_EMPTY_BODY = YES;
				CLANG_WARN_ENUM_CONVERSION = YES;
				CLANG_WARN_INT_CONVERSION = YES;
				CLANG_WARN_OBJC_ROOT_CLASS = YES_ERROR;
				CLANG_WARN__DUPLICATE_METHOD_MATCH = YES;
				"CODE_SIGN_IDENTITY[sdk=iphoneos*]" = "iPhone Developer";
				COPY_PHASE_STRIP = NO;
				ENABLE_TESTABILITY = YES;
				GCC_C_LANGUAGE_STANDARD = gnu99;
				GCC_DYNAMIC_NO_PIC = NO;
				GCC_OPTIMIZATION_LEVEL = 0;
				GCC_PREPROCESSOR_DEFINITIONS = (
					"DEBUG=1",
					"$(inherited)",
				);
				GCC_SYMBOLS_PRIVATE_EXTERN = NO;
				GCC_WARN_64_TO_32_BIT_CONVERSION = YES;
				GCC_WARN_ABOUT_RETURN_TYPE = YES_ERROR;
				GCC_WARN_UNDECLARED_SELECTOR = YES;
				GCC_WARN_UNINITIALIZED_AUTOS = YES_AGGRESSIVE;
				GCC_WARN_UNUSED_FUNCTION = YES;
				GCC_WARN_UNUSED_VARIABLE = YES;
				IPHONEOS_DEPLOYMENT_TARGET = 9.3;
				ONLY_ACTIVE_ARCH = YES;
				SDKROOT = iphoneos;
				TARGETED_DEVICE_FAMILY = "1,2";
			};
			name = Debug;
		};
		6003F5BE195388D20070C39A /* Release */ = {
			isa = XCBuildConfiguration;
			buildSettings = {
				ALWAYS_SEARCH_USER_PATHS = NO;
				CLANG_CXX_LANGUAGE_STANDARD = "gnu++0x";
				CLANG_CXX_LIBRARY = "libc++";
				CLANG_ENABLE_MODULES = YES;
				CLANG_ENABLE_OBJC_ARC = YES;
				CLANG_WARN_BOOL_CONVERSION = YES;
				CLANG_WARN_CONSTANT_CONVERSION = YES;
				CLANG_WARN_DIRECT_OBJC_ISA_USAGE = YES_ERROR;
				CLANG_WARN_EMPTY_BODY = YES;
				CLANG_WARN_ENUM_CONVERSION = YES;
				CLANG_WARN_INT_CONVERSION = YES;
				CLANG_WARN_OBJC_ROOT_CLASS = YES_ERROR;
				CLANG_WARN__DUPLICATE_METHOD_MATCH = YES;
				"CODE_SIGN_IDENTITY[sdk=iphoneos*]" = "iPhone Developer";
				COPY_PHASE_STRIP = YES;
				ENABLE_NS_ASSERTIONS = NO;
				GCC_C_LANGUAGE_STANDARD = gnu99;
				GCC_WARN_64_TO_32_BIT_CONVERSION = YES;
				GCC_WARN_ABOUT_RETURN_TYPE = YES_ERROR;
				GCC_WARN_UNDECLARED_SELECTOR = YES;
				GCC_WARN_UNINITIALIZED_AUTOS = YES_AGGRESSIVE;
				GCC_WARN_UNUSED_FUNCTION = YES;
				GCC_WARN_UNUSED_VARIABLE = YES;
				IPHONEOS_DEPLOYMENT_TARGET = 9.3;
				SDKROOT = iphoneos;
				TARGETED_DEVICE_FAMILY = "1,2";
				VALIDATE_PRODUCT = YES;
			};
			name = Release;
		};
		6003F5C0195388D20070C39A /* Debug */ = {
			isa = XCBuildConfiguration;
			baseConfigurationReference = DB6EC841B431AEA41FAC6339 /* Pods-QKeyboardEmotionView_Example.debug.xcconfig */;
			buildSettings = {
				ASSETCATALOG_COMPILER_APPICON_NAME = AppIcon;
				CODE_SIGN_IDENTITY = "Apple Development";
				"CODE_SIGN_IDENTITY[sdk=iphoneos*]" = "iPhone Distribution";
				CODE_SIGN_STYLE = Manual;
				DEFINES_MODULE = NO;
				DEVELOPMENT_TEAM = "";
				"DEVELOPMENT_TEAM[sdk=iphoneos*]" = XKKG4W52GY;
				GCC_PRECOMPILE_PREFIX_HEADER = YES;
				GCC_PREFIX_HEADER = "QKeyboardEmotionView/QKeyboardEmotionView-Prefix.pch";
				INFOPLIST_FILE = "QKeyboardEmotionView/QKeyboardEmotionView-Info.plist";
				MODULE_NAME = ExampleApp;
				PRODUCT_BUNDLE_IDENTIFIER = "com.test1-syncclass.www";
				PRODUCT_NAME = "$(TARGET_NAME)";
				PROVISIONING_PROFILE_SPECIFIER = "";
				"PROVISIONING_PROFILE_SPECIFIER[sdk=iphoneos*]" = "adhoc-test1syncclass-profile-20221228";
				SWIFT_OBJC_BRIDGING_HEADER = "QKeyboardEmotionView/QKeyboardEmotionView-Bridging-Header.h";
				SWIFT_VERSION = 5.0;
				WRAPPER_EXTENSION = app;
			};
			name = Debug;
		};
		6003F5C1195388D20070C39A /* Release */ = {
			isa = XCBuildConfiguration;
			baseConfigurationReference = 636B0D78CE72783672EE1D59 /* Pods-QKeyboardEmotionView_Example.release.xcconfig */;
			buildSettings = {
				ASSETCATALOG_COMPILER_APPICON_NAME = AppIcon;
				CODE_SIGN_IDENTITY = "iPhone Distribution";
				CODE_SIGN_STYLE = Manual;
				DEFINES_MODULE = NO;
				DEVELOPMENT_TEAM = 4A2N4NCM4Z;
				"DEVELOPMENT_TEAM[sdk=iphoneos*]" = XKKG4W52GY;
				GCC_PRECOMPILE_PREFIX_HEADER = YES;
				GCC_PREFIX_HEADER = "QKeyboardEmotionView/QKeyboardEmotionView-Prefix.pch";
				INFOPLIST_FILE = "QKeyboardEmotionView/QKeyboardEmotionView-Info.plist";
				MODULE_NAME = ExampleApp;
				PRODUCT_BUNDLE_IDENTIFIER = "com.test1-syncclass.www";
				PRODUCT_NAME = "$(TARGET_NAME)";
				PROVISIONING_PROFILE_SPECIFIER = "SyncClass iPhone App Store";
				"PROVISIONING_PROFILE_SPECIFIER[sdk=iphoneos*]" = "adhoc-test1syncclass-profile-20221228";
				SWIFT_OBJC_BRIDGING_HEADER = "QKeyboardEmotionView/QKeyboardEmotionView-Bridging-Header.h";
				SWIFT_VERSION = 5.0;
				WRAPPER_EXTENSION = app;
			};
			name = Release;
		};
		6003F5C3195388D20070C39A /* Debug */ = {
			isa = XCBuildConfiguration;
			baseConfigurationReference = 33EB5D4C86230F7FD8BE90F7 /* Pods-QKeyboardEmotionView_Tests.debug.xcconfig */;
			buildSettings = {
				ALWAYS_EMBED_SWIFT_STANDARD_LIBRARIES = YES;
				BUNDLE_LOADER = "$(TEST_HOST)";
				FRAMEWORK_SEARCH_PATHS = (
					"$(PLATFORM_DIR)/Developer/Library/Frameworks",
					"$(inherited)",
					"$(DEVELOPER_FRAMEWORKS_DIR)",
				);
				GCC_PRECOMPILE_PREFIX_HEADER = YES;
				GCC_PREFIX_HEADER = "Tests/Tests-Prefix.pch";
				GCC_PREPROCESSOR_DEFINITIONS = (
					"DEBUG=1",
					"$(inherited)",
				);
				INFOPLIST_FILE = "Tests/Tests-Info.plist";
				PRODUCT_BUNDLE_IDENTIFIER = "org.cocoapods.demo.${PRODUCT_NAME:rfc1034identifier}";
				PRODUCT_NAME = "$(TARGET_NAME)";
				SWIFT_VERSION = 4.0;
				TEST_HOST = "$(BUILT_PRODUCTS_DIR)/QKeyboardEmotionView_Example.app/QKeyboardEmotionView_Example";
				WRAPPER_EXTENSION = xctest;
			};
			name = Debug;
		};
		6003F5C4195388D20070C39A /* Release */ = {
			isa = XCBuildConfiguration;
			baseConfigurationReference = 8003A8B2A84C58E3813E51FF /* Pods-QKeyboardEmotionView_Tests.release.xcconfig */;
			buildSettings = {
				ALWAYS_EMBED_SWIFT_STANDARD_LIBRARIES = YES;
				BUNDLE_LOADER = "$(TEST_HOST)";
				FRAMEWORK_SEARCH_PATHS = (
					"$(PLATFORM_DIR)/Developer/Library/Frameworks",
					"$(inherited)",
					"$(DEVELOPER_FRAMEWORKS_DIR)",
				);
				GCC_PRECOMPILE_PREFIX_HEADER = YES;
				GCC_PREFIX_HEADER = "Tests/Tests-Prefix.pch";
				INFOPLIST_FILE = "Tests/Tests-Info.plist";
				PRODUCT_BUNDLE_IDENTIFIER = "org.cocoapods.demo.${PRODUCT_NAME:rfc1034identifier}";
				PRODUCT_NAME = "$(TARGET_NAME)";
				SWIFT_VERSION = 4.0;
				TEST_HOST = "$(BUILT_PRODUCTS_DIR)/QKeyboardEmotionView_Example.app/QKeyboardEmotionView_Example";
				WRAPPER_EXTENSION = xctest;
			};
			name = Release;
		};
/* End XCBuildConfiguration section */

/* Begin XCConfigurationList section */
		6003F585195388D10070C39A /* Build configuration list for PBXProject "QKeyboardEmotionView" */ = {
			isa = XCConfigurationList;
			buildConfigurations = (
				6003F5BD195388D20070C39A /* Debug */,
				6003F5BE195388D20070C39A /* Release */,
			);
			defaultConfigurationIsVisible = 0;
			defaultConfigurationName = Release;
		};
		6003F5BF195388D20070C39A /* Build configuration list for PBXNativeTarget "QKeyboardEmotionView_Example" */ = {
			isa = XCConfigurationList;
			buildConfigurations = (
				6003F5C0195388D20070C39A /* Debug */,
				6003F5C1195388D20070C39A /* Release */,
			);
			defaultConfigurationIsVisible = 0;
			defaultConfigurationName = Release;
		};
		6003F5C2195388D20070C39A /* Build configuration list for PBXNativeTarget "QKeyboardEmotionView_Tests" */ = {
			isa = XCConfigurationList;
			buildConfigurations = (
				6003F5C3195388D20070C39A /* Debug */,
				6003F5C4195388D20070C39A /* Release */,
			);
			defaultConfigurationIsVisible = 0;
			defaultConfigurationName = Release;
		};
/* End XCConfigurationList section */
	};
	rootObject = 6003F582195388D10070C39A /* Project object */;
}
